
Microsoft Visual Studio Solution File, Format Version 12.00
# Visual Studio Version 17
VisualStudioVersion = 17.5.33516.290
MinimumVisualStudioVersion = 10.0.40219.1
Project("{9A19103F-16F7-4668-BE54-9A1E7A4F7556}") = "GrpcPrimeNumberService", "GrpcPrimeNumberService\GrpcPrimeNumberService.csproj", "{ECA7B7DB-C7EC-480F-B7FF-E1A6C8E51A33}"
EndProject
Project("{FAE04EC0-301F-11D3-BF4B-00C04F79EFBC}") = "PrimeNumberClient", "PrimeNumberClient\PrimeNumberClient.csproj", "{A73DAB31-6836-4D54-9E94-FB2C71D12D8C}"
EndProject
Global
	GlobalSection(SolutionConfigurationPlatforms) = preSolution
		Debug|Any CPU = Debug|Any CPU
		Release|Any CPU = Release|Any CPU
	EndGlobalSection
	GlobalSection(ProjectConfigurationPlatforms) = postSolution
		{ECA7B7DB-C7EC-480F-B7FF-E1A6C8E51A33}.Debug|Any CPU.ActiveCfg = Debug|Any CPU
		{ECA7B7DB-C7EC-480F-B7FF-E1A6C8E51A33}.Debug|Any CPU.Build.0 = Debug|Any CPU
		{ECA7B7DB-C7EC-480F-B7FF-E1A6C8E51A33}.Release|Any CPU.ActiveCfg = Release|Any CPU
		{ECA7B7DB-C7EC-480F-B7FF-E1A6C8E51A33}.Release|Any CPU.Build.0 = Release|Any CPU
		{A73DAB31-6836-4D54-9E94-FB2C71D12D8C}.Debug|Any CPU.ActiveCfg = Debug|Any CPU
		{A73DAB31-6836-4D54-9E94-FB2C71D12D8C}.Debug|Any CPU.Build.0 = Debug|Any CPU
		{A73DAB31-6836-4D54-9E94-FB2C71D12D8C}.Release|Any CPU.ActiveCfg = Release|Any CPU
		{A73DAB31-6836-4D54-9E94-FB2C71D12D8C}.Release|Any CPU.Build.0 = Release|Any CPU
	EndGlobalSection
	GlobalSection(SolutionProperties) = preSolution
		HideSolutionNode = FALSE
	EndGlobalSection
	GlobalSection(ExtensibilityGlobals) = postSolution
		SolutionGuid = {C435B205-7A1E-4550-8C3F-434F4448B2D1}
	EndGlobalSection
EndGlobal
